
Microsoft Visual Studio Solution File, Format Version 12.00
# Visual Studio 15
Project("{FAE04EC0-301F-11D3-BF4B-00C04F79EFBC}") = "Assembly-CSharp", "Assembly-CSharp.csproj", "{87BAD694-22AB-FDEE-852A-0A627AAF5DA2}"
EndProject
Project("{FAE04EC0-301F-11D3-BF4B-00C04F79EFBC}") = "Mirror", "Mirror.csproj", "{9C61747F-4DB9-AF72-7B05-EEE3E466EACE}"
EndProject
Project("{FAE04EC0-301F-11D3-BF4B-00C04F79EFBC}") = "Mirror.Examples", "Mirror.Examples.csproj", "{6C0B5AFD-571A-B3A0-E272-1F40E6B2D2CA}"
EndProject
Project("{FAE04EC0-301F-11D3-BF4B-00C04F79EFBC}") = "Mirror.Components", "Mirror.Components.csproj", "{B82457CA-D2F8-627E-68DC-F9327A747E74}"
EndProject
Project("{FAE04EC0-301F-11D3-BF4B-00C04F79EFBC}") = "Assembly-CSharp-Editor", "Assembly-CSharp-Editor.csproj", "{93ACE940-123C-A582-54DC-1A6405F3581C}"
EndProject
Project("{FAE04EC0-301F-11D3-BF4B-00C04F79EFBC}") = "Mirror.Weaver", "Mirror.Weaver.csproj", "{EE80F2A2-2B7F-D6C7-D08A-AA8085F65A1B}"
EndProject
Project("{FAE04EC0-301F-11D3-BF4B-00C04F79EFBC}") = "Mirror.Editor", "Mirror.Editor.csproj", "{D81AD4AC-3F9C-91A2-12E8-10C451F041D8}"
EndProject
Global
	GlobalSection(SolutionConfigurationPlatforms) = preSolution
		Debug|Any CPU = Debug|Any CPU
		Release|Any CPU = Release|Any CPU
	EndGlobalSection
	GlobalSection(ProjectConfigurationPlatforms) = postSolution
		{87BAD694-22AB-FDEE-852A-0A627AAF5DA2}.Debug|Any CPU.ActiveCfg = Debug|Any CPU
		{87BAD694-22AB-FDEE-852A-0A627AAF5DA2}.Debug|Any CPU.Build.0 = Debug|Any CPU
		{87BAD694-22AB-FDEE-852A-0A627AAF5DA2}.Release|Any CPU.ActiveCfg = Release|Any CPU
		{87BAD694-22AB-FDEE-852A-0A627AAF5DA2}.Release|Any CPU.Build.0 = Release|Any CPU
		{9C61747F-4DB9-AF72-7B05-EEE3E466EACE}.Debug|Any CPU.ActiveCfg = Debug|Any CPU
		{9C61747F-4DB9-AF72-7B05-EEE3E466EACE}.Debug|Any CPU.Build.0 = Debug|Any CPU
		{9C61747F-4DB9-AF72-7B05-EEE3E466EACE}.Release|Any CPU.ActiveCfg = Release|Any CPU
		{9C61747F-4DB9-AF72-7B05-EEE3E466EACE}.Release|Any CPU.Build.0 = Release|Any CPU
		{6C0B5AFD-571A-B3A0-E272-1F40E6B2D2CA}.Debug|Any CPU.ActiveCfg = Debug|Any CPU
		{6C0B5AFD-571A-B3A0-E272-1F40E6B2D2CA}.Debug|Any CPU.Build.0 = Debug|Any CPU
		{6C0B5AFD-571A-B3A0-E272-1F40E6B2D2CA}.Release|Any CPU.ActiveCfg = Release|Any CPU
		{6C0B5AFD-571A-B3A0-E272-1F40E6B2D2CA}.Release|Any CPU.Build.0 = Release|Any CPU
		{B82457CA-D2F8-627E-68DC-F9327A747E74}.Debug|Any CPU.ActiveCfg = Debug|Any CPU
		{B82457CA-D2F8-627E-68DC-F9327A747E74}.Debug|Any CPU.Build.0 = Debug|Any CPU
		{B82457CA-D2F8-627E-68DC-F9327A747E74}.Release|Any CPU.ActiveCfg = Release|Any CPU
		{B82457CA-D2F8-627E-68DC-F9327A747E74}.Release|Any CPU.Build.0 = Release|Any CPU
		{93ACE940-123C-A582-54DC-1A6405F3581C}.Debug|Any CPU.ActiveCfg = Debug|Any CPU
		{93ACE940-123C-A582-54DC-1A6405F3581C}.Debug|Any CPU.Build.0 = Debug|Any CPU
		{93ACE940-123C-A582-54DC-1A6405F3581C}.Release|Any CPU.ActiveCfg = Release|Any CPU
		{93ACE940-123C-A582-54DC-1A6405F3581C}.Release|Any CPU.Build.0 = Release|Any CPU
		{EE80F2A2-2B7F-D6C7-D08A-AA8085F65A1B}.Debug|Any CPU.ActiveCfg = Debug|Any CPU
		{EE80F2A2-2B7F-D6C7-D08A-AA8085F65A1B}.Debug|Any CPU.Build.0 = Debug|Any CPU
		{EE80F2A2-2B7F-D6C7-D08A-AA8085F65A1B}.Release|Any CPU.ActiveCfg = Release|Any CPU
		{EE80F2A2-2B7F-D6C7-D08A-AA8085F65A1B}.Release|Any CPU.Build.0 = Release|Any CPU
		{D81AD4AC-3F9C-91A2-12E8-10C451F041D8}.Debug|Any CPU.ActiveCfg = Debug|Any CPU
		{D81AD4AC-3F9C-91A2-12E8-10C451F041D8}.Debug|Any CPU.Build.0 = Debug|Any CPU
		{D81AD4AC-3F9C-91A2-12E8-10C451F041D8}.Release|Any CPU.ActiveCfg = Release|Any CPU
		{D81AD4AC-3F9C-91A2-12E8-10C451F041D8}.Release|Any CPU.Build.0 = Release|Any CPU
	EndGlobalSection
	GlobalSection(SolutionProperties) = preSolution
		HideSolutionNode = FALSE
	EndGlobalSection
EndGlobal
