
Microsoft Visual Studio Solution File, Format Version 12.00
# Visual Studio 15
Project("{FAE04EC0-301F-11D3-BF4B-00C04F79EFBC}") = "Assembly-CSharp", "Assembly-CSharp.csproj", "{BE27D306-CF4A-DEB3-63EC-33A7A58CBDF9}"
EndProject
Project("{FAE04EC0-301F-11D3-BF4B-00C04F79EFBC}") = "Assembly-CSharp-Editor", "Assembly-CSharp-Editor.csproj", "{2F00FC6D-C36F-87F3-397B-CF9F292C0460}"
EndProject
Global
	GlobalSection(SolutionConfigurationPlatforms) = preSolution
		Debug|Any CPU = Debug|Any CPU
		Release|Any CPU = Release|Any CPU
	EndGlobalSection
	GlobalSection(ProjectConfigurationPlatforms) = postSolution
		{BE27D306-CF4A-DEB3-63EC-33A7A58CBDF9}.Debug|Any CPU.ActiveCfg = Debug|Any CPU
		{BE27D306-CF4A-DEB3-63EC-33A7A58CBDF9}.Debug|Any CPU.Build.0 = Debug|Any CPU
		{BE27D306-CF4A-DEB3-63EC-33A7A58CBDF9}.Release|Any CPU.ActiveCfg = Release|Any CPU
		{BE27D306-CF4A-DEB3-63EC-33A7A58CBDF9}.Release|Any CPU.Build.0 = Release|Any CPU
		{2F00FC6D-C36F-87F3-397B-CF9F292C0460}.Debug|Any CPU.ActiveCfg = Debug|Any CPU
		{2F00FC6D-C36F-87F3-397B-CF9F292C0460}.Debug|Any CPU.Build.0 = Debug|Any CPU
		{2F00FC6D-C36F-87F3-397B-CF9F292C0460}.Release|Any CPU.ActiveCfg = Release|Any CPU
		{2F00FC6D-C36F-87F3-397B-CF9F292C0460}.Release|Any CPU.Build.0 = Release|Any CPU
	EndGlobalSection
	GlobalSection(SolutionProperties) = preSolution
		HideSolutionNode = FALSE
	EndGlobalSection
EndGlobal
